// !$*UTF8*$!
{
	archiveVersion = 1;
	classes = {
	};
	objectVersion = 50;
	objects = {

/* Begin PBXBuildFile section */
		2DF5EA80269DE67100A6AD88 /* AppDelegate.swift in Sources */ = {isa = PBXBuildFile; fileRef = 2DF5EA7F269DE67100A6AD88 /* AppDelegate.swift */; };
		2DF5EA82269DE67100A6AD88 /* SceneDelegate.swift in Sources */ = {isa = PBXBuildFile; fileRef = 2DF5EA81269DE67100A6AD88 /* SceneDelegate.swift */; };
		2DF5EA84269DE67100A6AD88 /* ViewController.swift in Sources */ = {isa = PBXBuildFile; fileRef = 2DF5EA83269DE67100A6AD88 /* ViewController.swift */; };
		2DF5EA87269DE67100A6AD88 /* Main.storyboard in Resources */ = {isa = PBXBuildFile; fileRef = 2DF5EA85269DE67100A6AD88 /* Main.storyboard */; };
		2DF5EA89269DE67200A6AD88 /* Assets.xcassets in Resources */ = {isa = PBXBuildFile; fileRef = 2DF5EA88269DE67200A6AD88 /* Assets.xcassets */; };
		2DF5EA8C269DE67200A6AD88 /* LaunchScreen.storyboard in Resources */ = {isa = PBXBuildFile; fileRef = 2DF5EA8A269DE67200A6AD88 /* LaunchScreen.storyboard */; };
		2DF5EAD626A0C6CD00A6AD88 /* ViewConstraints.swift in Sources */ = {isa = PBXBuildFile; fileRef = 2DF5EAD526A0C6CD00A6AD88 /* ViewConstraints.swift */; };
		2DF5EADA26A1D16100A6AD88 /* NetworkWeatherManager.swift in Sources */ = {isa = PBXBuildFile; fileRef = 2DF5EAD926A1D16100A6AD88 /* NetworkWeatherManager.swift */; };
		2DF5EADD26A1D41700A6AD88 /* Constants.swift in Sources */ = {isa = PBXBuildFile; fileRef = 2DF5EADC26A1D41700A6AD88 /* Constants.swift */; };
		2DF5EAE026A1D66F00A6AD88 /* ViewControllerExtensions.swift in Sources */ = {isa = PBXBuildFile; fileRef = 2DF5EADF26A1D66F00A6AD88 /* ViewControllerExtensions.swift */; };
		2DF5EAE326A1E05900A6AD88 /* CurrentWeatherData.swift in Sources */ = {isa = PBXBuildFile; fileRef = 2DF5EAE226A1E05900A6AD88 /* CurrentWeatherData.swift */; };
		2DF5EAE526A1E4DF00A6AD88 /* CurrentWeather.swift in Sources */ = {isa = PBXBuildFile; fileRef = 2DF5EAE426A1E4DF00A6AD88 /* CurrentWeather.swift */; };
/* End PBXBuildFile section */

/* Begin PBXFileReference section */
		2DF5EA7C269DE67100A6AD88 /* api.app */ = {isa = PBXFileReference; explicitFileType = wrapper.application; includeInIndex = 0; path = api.app; sourceTree = BUILT_PRODUCTS_DIR; };
		2DF5EA7F269DE67100A6AD88 /* AppDelegate.swift */ = {isa = PBXFileReference; lastKnownFileType = sourcecode.swift; path = AppDelegate.swift; sourceTree = "<group>"; };
		2DF5EA81269DE67100A6AD88 /* SceneDelegate.swift */ = {isa = PBXFileReference; lastKnownFileType = sourcecode.swift; path = SceneDelegate.swift; sourceTree = "<group>"; };
		2DF5EA83269DE67100A6AD88 /* ViewController.swift */ = {isa = PBXFileReference; lastKnownFileType = sourcecode.swift; path = ViewController.swift; sourceTree = "<group>"; };
		2DF5EA86269DE67100A6AD88 /* Base */ = {isa = PBXFileReference; lastKnownFileType = file.storyboard; name = Base; path = Base.lproj/Main.storyboard; sourceTree = "<group>"; };
		2DF5EA88269DE67200A6AD88 /* Assets.xcassets */ = {isa = PBXFileReference; lastKnownFileType = folder.assetcatalog; path = Assets.xcassets; sourceTree = "<group>"; };
		2DF5EA8B269DE67200A6AD88 /* Base */ = {isa = PBXFileReference; lastKnownFileType = file.storyboard; name = Base; path = Base.lproj/LaunchScreen.storyboard; sourceTree = "<group>"; };
		2DF5EA8D269DE67200A6AD88 /* Info.plist */ = {isa = PBXFileReference; lastKnownFileType = text.plist.xml; path = Info.plist; sourceTree = "<group>"; };
		2DF5EAD526A0C6CD00A6AD88 /* ViewConstraints.swift */ = {isa = PBXFileReference; lastKnownFileType = sourcecode.swift; path = ViewConstraints.swift; sourceTree = "<group>"; };
		2DF5EAD926A1D16100A6AD88 /* NetworkWeatherManager.swift */ = {isa = PBXFileReference; lastKnownFileType = sourcecode.swift; path = NetworkWeatherManager.swift; sourceTree = "<group>"; };
		2DF5EADC26A1D41700A6AD88 /* Constants.swift */ = {isa = PBXFileReference; lastKnownFileType = sourcecode.swift; path = Constants.swift; sourceTree = "<group>"; };
		2DF5EADF26A1D66F00A6AD88 /* ViewControllerExtensions.swift */ = {isa = PBXFileReference; lastKnownFileType = sourcecode.swift; path = ViewControllerExtensions.swift; sourceTree = "<group>"; };
		2DF5EAE226A1E05900A6AD88 /* CurrentWeatherData.swift */ = {isa = PBXFileReference; lastKnownFileType = sourcecode.swift; path = CurrentWeatherData.swift; sourceTree = "<group>"; };
		2DF5EAE426A1E4DF00A6AD88 /* CurrentWeather.swift */ = {isa = PBXFileReference; lastKnownFileType = sourcecode.swift; path = CurrentWeather.swift; sourceTree = "<group>"; };
/* End PBXFileReference section */

/* Begin PBXFrameworksBuildPhase section */
		2DF5EA79269DE67100A6AD88 /* Frameworks */ = {
			isa = PBXFrameworksBuildPhase;
			buildActionMask = 2147483647;
			files = (
			);
			runOnlyForDeploymentPostprocessing = 0;
		};
/* End PBXFrameworksBuildPhase section */

/* Begin PBXGroup section */
		2DF5EA73269DE67100A6AD88 = {
			isa = PBXGroup;
			children = (
				2DF5EA7E269DE67100A6AD88 /* api */,
				2DF5EA7D269DE67100A6AD88 /* Products */,
			);
			sourceTree = "<group>";
		};
		2DF5EA7D269DE67100A6AD88 /* Products */ = {
			isa = PBXGroup;
			children = (
				2DF5EA7C269DE67100A6AD88 /* api.app */,
			);
			name = Products;
			sourceTree = "<group>";
		};
		2DF5EA7E269DE67100A6AD88 /* api */ = {
			isa = PBXGroup;
			children = (
				2DF5EAE626A2EE0200A6AD88 /* ViewController */,
				2DF5EAE126A1DDE500A6AD88 /* Extensions */,
				2DF5EADB26A1D16600A6AD88 /* models */,
				2DF5EADE26A1D43A00A6AD88 /* SupportingFiles */,
				2DF5EA88269DE67200A6AD88 /* Assets.xcassets */,
				2DF5EA8D269DE67200A6AD88 /* Info.plist */,
			);
			path = api;
			sourceTree = "<group>";
		};
		2DF5EADB26A1D16600A6AD88 /* models */ = {
			isa = PBXGroup;
			children = (
				2DF5EAD926A1D16100A6AD88 /* NetworkWeatherManager.swift */,
				2DF5EAE426A1E4DF00A6AD88 /* CurrentWeather.swift */,
				2DF5EAE226A1E05900A6AD88 /* CurrentWeatherData.swift */,
				2DF5EA85269DE67100A6AD88 /* Main.storyboard */,
				2DF5EA8A269DE67200A6AD88 /* LaunchScreen.storyboard */,
			);
			path = models;
			sourceTree = "<group>";
		};
		2DF5EADE26A1D43A00A6AD88 /* SupportingFiles */ = {
			isa = PBXGroup;
			children = (
				2DF5EA81269DE67100A6AD88 /* SceneDelegate.swift */,
				2DF5EA7F269DE67100A6AD88 /* AppDelegate.swift */,
				2DF5EADC26A1D41700A6AD88 /* Constants.swift */,
			);
			path = SupportingFiles;
			sourceTree = "<group>";
		};
		2DF5EAE126A1DDE500A6AD88 /* Extensions */ = {
			isa = PBXGroup;
			children = (
				2DF5EADF26A1D66F00A6AD88 /* ViewControllerExtensions.swift */,
				2DF5EAD526A0C6CD00A6AD88 /* ViewConstraints.swift */,
			);
			path = Extensions;
			sourceTree = "<group>";
		};
		2DF5EAE626A2EE0200A6AD88 /* ViewController */ = {
			isa = PBXGroup;
			children = (
				2DF5EA83269DE67100A6AD88 /* ViewController.swift */,
			);
			path = ViewController;
			sourceTree = "<group>";
		};
/* End PBXGroup section */

/* Begin PBXNativeTarget section */
		2DF5EA7B269DE67100A6AD88 /* api */ = {
			isa = PBXNativeTarget;
			buildConfigurationList = 2DF5EA90269DE67200A6AD88 /* Build configuration list for PBXNativeTarget "api" */;
			buildPhases = (
				2DF5EA78269DE67100A6AD88 /* Sources */,
				2DF5EA79269DE67100A6AD88 /* Frameworks */,
				2DF5EA7A269DE67100A6AD88 /* Resources */,
			);
			buildRules = (
			);
			dependencies = (
			);
			name = api;
			productName = api;
			productReference = 2DF5EA7C269DE67100A6AD88 /* api.app */;
			productType = "com.apple.product-type.application";
		};
/* End PBXNativeTarget section */

/* Begin PBXProject section */
		2DF5EA74269DE67100A6AD88 /* Project object */ = {
			isa = PBXProject;
			attributes = {
				LastSwiftUpdateCheck = 1250;
				LastUpgradeCheck = 1250;
				TargetAttributes = {
					2DF5EA7B269DE67100A6AD88 = {
						CreatedOnToolsVersion = 12.5;
					};
				};
			};
			buildConfigurationList = 2DF5EA77269DE67100A6AD88 /* Build configuration list for PBXProject "api" */;
			compatibilityVersion = "Xcode 9.3";
			developmentRegion = en;
			hasScannedForEncodings = 0;
			knownRegions = (
				en,
				Base,
			);
			mainGroup = 2DF5EA73269DE67100A6AD88;
			productRefGroup = 2DF5EA7D269DE67100A6AD88 /* Products */;
			projectDirPath = "";
			projectRoot = "";
			targets = (
				2DF5EA7B269DE67100A6AD88 /* api */,
			);
		};
/* End PBXProject section */

/* Begin PBXResourcesBuildPhase section */
		2DF5EA7A269DE67100A6AD88 /* Resources */ = {
			isa = PBXResourcesBuildPhase;
			buildActionMask = 2147483647;
			files = (
				2DF5EA8C269DE67200A6AD88 /* LaunchScreen.storyboard in Resources */,
				2DF5EA89269DE67200A6AD88 /* Assets.xcassets in Resources */,
				2DF5EA87269DE67100A6AD88 /* Main.storyboard in Resources */,
			);
			runOnlyForDeploymentPostprocessing = 0;
		};
/* End PBXResourcesBuildPhase section */

/* Begin PBXSourcesBuildPhase section */
		2DF5EA78269DE67100A6AD88 /* Sources */ = {
			isa = PBXSourcesBuildPhase;
			buildActionMask = 2147483647;
			files = (
				2DF5EAE326A1E05900A6AD88 /* CurrentWeatherData.swift in Sources */,
				2DF5EA84269DE67100A6AD88 /* ViewController.swift in Sources */,
				2DF5EA80269DE67100A6AD88 /* AppDelegate.swift in Sources */,
				2DF5EADA26A1D16100A6AD88 /* NetworkWeatherManager.swift in Sources */,
				2DF5EAE526A1E4DF00A6AD88 /* CurrentWeather.swift in Sources */,
				2DF5EADD26A1D41700A6AD88 /* Constants.swift in Sources */,
				2DF5EAD626A0C6CD00A6AD88 /* ViewConstraints.swift in Sources */,
				2DF5EA82269DE67100A6AD88 /* SceneDelegate.swift in Sources */,
				2DF5EAE026A1D66F00A6AD88 /* ViewControllerExtensions.swift in Sources */,
			);
			runOnlyForDeploymentPostprocessing = 0;
		};
/* End PBXSourcesBuildPhase section */

/* Begin PBXVariantGroup section */
		2DF5EA85269DE67100A6AD88 /* Main.storyboard */ = {
			isa = PBXVariantGroup;
			children = (
				2DF5EA86269DE67100A6AD88 /* Base */,
			);
			name = Main.storyboard;
			sourceTree = "<group>";
		};
		2DF5EA8A269DE67200A6AD88 /* LaunchScreen.storyboard */ = {
			isa = PBXVariantGroup;
			children = (
				2DF5EA8B269DE67200A6AD88 /* Base */,
			);
			name = LaunchScreen.storyboard;
			sourceTree = "<group>";
		};
/* End PBXVariantGroup section */

/* Begin XCBuildConfiguration section */
		2DF5EA8E269DE67200A6AD88 /* Debug */ = {
			isa = XCBuildConfiguration;
			buildSettings = {
				ALWAYS_SEARCH_USER_PATHS = NO;
				CLANG_ANALYZER_NONNULL = YES;
				CLANG_ANALYZER_NUMBER_OBJECT_CONVERSION = YES_AGGRESSIVE;
				CLANG_CXX_LANGUAGE_STANDARD = "gnu++14";
				CLANG_CXX_LIBRARY = "libc++";
				CLANG_ENABLE_MODULES = YES;
				CLANG_ENABLE_OBJC_ARC = YES;
				CLANG_ENABLE_OBJC_WEAK = YES;
				CLANG_WARN_BLOCK_CAPTURE_AUTORELEASING = YES;
				CLANG_WARN_BOOL_CONVERSION = YES;
				CLANG_WARN_COMMA = YES;
				CLANG_WARN_CONSTANT_CONVERSION = YES;
				CLANG_WARN_DEPRECATED_OBJC_IMPLEMENTATIONS = YES;
				CLANG_WARN_DIRECT_OBJC_ISA_USAGE = YES_ERROR;
				CLANG_WARN_DOCUMENTATION_COMMENTS = YES;
				CLANG_WARN_EMPTY_BODY = YES;
				CLANG_WARN_ENUM_CONVERSION = YES;
				CLANG_WARN_INFINITE_RECURSION = YES;
				CLANG_WARN_INT_CONVERSION = YES;
				CLANG_WARN_NON_LITERAL_NULL_CONVERSION = YES;
				CLANG_WARN_OBJC_IMPLICIT_RETAIN_SELF = YES;
				CLANG_WARN_OBJC_LITERAL_CONVERSION = YES;
				CLANG_WARN_OBJC_ROOT_CLASS = YES_ERROR;
				CLANG_WARN_QUOTED_INCLUDE_IN_FRAMEWORK_HEADER = YES;
				CLANG_WARN_RANGE_LOOP_ANALYSIS = YES;
				CLANG_WARN_STRICT_PROTOTYPES = YES;
				CLANG_WARN_SUSPICIOUS_MOVE = YES;
				CLANG_WARN_UNGUARDED_AVAILABILITY = YES_AGGRESSIVE;
				CLANG_WARN_UNREACHABLE_CODE = YES;
				CLANG_WARN__DUPLICATE_METHOD_MATCH = YES;
				COPY_PHASE_STRIP = NO;
				DEBUG_INFORMATION_FORMAT = dwarf;
				ENABLE_STRICT_OBJC_MSGSEND = YES;
				ENABLE_TESTABILITY = YES;
				GCC_C_LANGUAGE_STANDARD = gnu11;
				GCC_DYNAMIC_NO_PIC = NO;
				GCC_NO_COMMON_BLOCKS = YES;
				GCC_OPTIMIZATION_LEVEL = 0;
				GCC_PREPROCESSOR_DEFINITIONS = (
					"DEBUG=1",
					"$(inherited)",
				);
				GCC_WARN_64_TO_32_BIT_CONVERSION = YES;
				GCC_WARN_ABOUT_RETURN_TYPE = YES_ERROR;
				GCC_WARN_UNDECLARED_SELECTOR = YES;
				GCC_WARN_UNINITIALIZED_AUTOS = YES_AGGRESSIVE;
				GCC_WARN_UNUSED_FUNCTION = YES;
				GCC_WARN_UNUSED_VARIABLE = YES;
				IPHONEOS_DEPLOYMENT_TARGET = 14.5;
				MTL_ENABLE_DEBUG_INFO = INCLUDE_SOURCE;
				MTL_FAST_MATH = YES;
				ONLY_ACTIVE_ARCH = YES;
				SDKROOT = iphoneos;
				SWIFT_ACTIVE_COMPILATION_CONDITIONS = DEBUG;
				SWIFT_OPTIMIZATION_LEVEL = "-Onone";
			};
			name = Debug;
		};
		2DF5EA8F269DE67200A6AD88 /* Release */ = {
			isa = XCBuildConfiguration;
			buildSettings = {
				ALWAYS_SEARCH_USER_PATHS = NO;
				CLANG_ANALYZER_NONNULL = YES;
				CLANG_ANALYZER_NUMBER_OBJECT_CONVERSION = YES_AGGRESSIVE;
				CLANG_CXX_LANGUAGE_STANDARD = "gnu++14";
				CLANG_CXX_LIBRARY = "libc++";
				CLANG_ENABLE_MODULES = YES;
				CLANG_ENABLE_OBJC_ARC = YES;
				CLANG_ENABLE_OBJC_WEAK = YES;
				CLANG_WARN_BLOCK_CAPTURE_AUTORELEASING = YES;
				CLANG_WARN_BOOL_CONVERSION = YES;
				CLANG_WARN_COMMA = YES;
				CLANG_WARN_CONSTANT_CONVERSION = YES;
				CLANG_WARN_DEPRECATED_OBJC_IMPLEMENTATIONS = YES;
				CLANG_WARN_DIRECT_OBJC_ISA_USAGE = YES_ERROR;
				CLANG_WARN_DOCUMENTATION_COMMENTS = YES;
				CLANG_WARN_EMPTY_BODY = YES;
				CLANG_WARN_ENUM_CONVERSION = YES;
				CLANG_WARN_INFINITE_RECURSION = YES;
				CLANG_WARN_INT_CONVERSION = YES;
				CLANG_WARN_NON_LITERAL_NULL_CONVERSION = YES;
				CLANG_WARN_OBJC_IMPLICIT_RETAIN_SELF = YES;
				CLANG_WARN_OBJC_LITERAL_CONVERSION = YES;
				CLANG_WARN_OBJC_ROOT_CLASS = YES_ERROR;
				CLANG_WARN_QUOTED_INCLUDE_IN_FRAMEWORK_HEADER = YES;
				CLANG_WARN_RANGE_LOOP_ANALYSIS = YES;
				CLANG_WARN_STRICT_PROTOTYPES = YES;
				CLANG_WARN_SUSPICIOUS_MOVE = YES;
				CLANG_WARN_UNGUARDED_AVAILABILITY = YES_AGGRESSIVE;
				CLANG_WARN_UNREACHABLE_CODE = YES;
				CLANG_WARN__DUPLICATE_METHOD_MATCH = YES;
				COPY_PHASE_STRIP = NO;
				DEBUG_INFORMATION_FORMAT = "dwarf-with-dsym";
				ENABLE_NS_ASSERTIONS = NO;
				ENABLE_STRICT_OBJC_MSGSEND = YES;
				GCC_C_LANGUAGE_STANDARD = gnu11;
				GCC_NO_COMMON_BLOCKS = YES;
				GCC_WARN_64_TO_32_BIT_CONVERSION = YES;
				GCC_WARN_ABOUT_RETURN_TYPE = YES_ERROR;
				GCC_WARN_UNDECLARED_SELECTOR = YES;
				GCC_WARN_UNINITIALIZED_AUTOS = YES_AGGRESSIVE;
				GCC_WARN_UNUSED_FUNCTION = YES;
				GCC_WARN_UNUSED_VARIABLE = YES;
				IPHONEOS_DEPLOYMENT_TARGET = 14.5;
				MTL_ENABLE_DEBUG_INFO = NO;
				MTL_FAST_MATH = YES;
				SDKROOT = iphoneos;
				SWIFT_COMPILATION_MODE = wholemodule;
				SWIFT_OPTIMIZATION_LEVEL = "-O";
				VALIDATE_PRODUCT = YES;
			};
			name = Release;
		};
		2DF5EA91269DE67200A6AD88 /* Debug */ = {
			isa = XCBuildConfiguration;
			buildSettings = {
				ASSETCATALOG_COMPILER_APPICON_NAME = AppIcon;
				ASSETCATALOG_COMPILER_GLOBAL_ACCENT_COLOR_NAME = AccentColor;
				CODE_SIGN_STYLE = Automatic;
				DEVELOPMENT_TEAM = GKZ7DJWHAN;
				INFOPLIST_FILE = api/Info.plist;
				LD_RUNPATH_SEARCH_PATHS = (
					"$(inherited)",
					"@executable_path/Frameworks",
				);
				PRODUCT_BUNDLE_IDENTIFIER = test.vika;
				PRODUCT_NAME = "$(TARGET_NAME)";
				SWIFT_VERSION = 5.0;
				TARGETED_DEVICE_FAMILY = "1,2";
			};
			name = Debug;
		};
		2DF5EA92269DE67200A6AD88 /* Release */ = {
			isa = XCBuildConfiguration;
			buildSettings = {
				ASSETCATALOG_COMPILER_APPICON_NAME = AppIcon;
				ASSETCATALOG_COMPILER_GLOBAL_ACCENT_COLOR_NAME = AccentColor;
				CODE_SIGN_STYLE = Automatic;
				DEVELOPMENT_TEAM = GKZ7DJWHAN;
				INFOPLIST_FILE = api/Info.plist;
				LD_RUNPATH_SEARCH_PATHS = (
					"$(inherited)",
					"@executable_path/Frameworks",
				);
				PRODUCT_BUNDLE_IDENTIFIER = test.vika;
				PRODUCT_NAME = "$(TARGET_NAME)";
				SWIFT_VERSION = 5.0;
				TARGETED_DEVICE_FAMILY = "1,2";
			};
			name = Release;
		};
/* End XCBuildConfiguration section */

/* Begin XCConfigurationList section */
		2DF5EA77269DE67100A6AD88 /* Build configuration list for PBXProject "api" */ = {
			isa = XCConfigurationList;
			buildConfigurations = (
				2DF5EA8E269DE67200A6AD88 /* Debug */,
				2DF5EA8F269DE67200A6AD88 /* Release */,
			);
			defaultConfigurationIsVisible = 0;
			defaultConfigurationName = Release;
		};
		2DF5EA90269DE67200A6AD88 /* Build configuration list for PBXNativeTarget "api" */ = {
			isa = XCConfigurationList;
			buildConfigurations = (
				2DF5EA91269DE67200A6AD88 /* Debug */,
				2DF5EA92269DE67200A6AD88 /* Release */,
			);
			defaultConfigurationIsVisible = 0;
			defaultConfigurationName = Release;
		};
/* End XCConfigurationList section */
	};
	rootObject = 2DF5EA74269DE67100A6AD88 /* Project object */;
}
